// !$*UTF8*$!
{
	archiveVersion = 1;
	classes = {
	};
	objectVersion = 50;
	objects = {

/* Begin PBXBuildFile section */
		595228F622B7CF6C0002EE03 /* AppDelegate.swift in Sources */ = {isa = PBXBuildFile; fileRef = 595228F522B7CF6C0002EE03 /* AppDelegate.swift */; };
		595228F822B7CF6C0002EE03 /* SceneDelegate.swift in Sources */ = {isa = PBXBuildFile; fileRef = 595228F722B7CF6C0002EE03 /* SceneDelegate.swift */; };
		595228FA22B7CF6C0002EE03 /* ContentView.swift in Sources */ = {isa = PBXBuildFile; fileRef = 595228F922B7CF6C0002EE03 /* ContentView.swift */; };
		595228FC22B7CF710002EE03 /* Assets.xcassets in Resources */ = {isa = PBXBuildFile; fileRef = 595228FB22B7CF710002EE03 /* Assets.xcassets */; };
		595228FF22B7CF710002EE03 /* Preview Assets.xcassets in Resources */ = {isa = PBXBuildFile; fileRef = 595228FE22B7CF710002EE03 /* Preview Assets.xcassets */; };
		5952290222B7CF710002EE03 /* LaunchScreen.storyboard in Resources */ = {isa = PBXBuildFile; fileRef = 5952290022B7CF710002EE03 /* LaunchScreen.storyboard */; };
		5952290A22B7D0230002EE03 /* SquareRow.swift in Sources */ = {isa = PBXBuildFile; fileRef = 5952290922B7D0230002EE03 /* SquareRow.swift */; };
		5952290C22B7D5C30002EE03 /* Board.swift in Sources */ = {isa = PBXBuildFile; fileRef = 5952290B22B7D5C30002EE03 /* Board.swift */; };
/* End PBXBuildFile section */

/* Begin PBXFileReference section */
		59234ADF22BAA806000450D8 /* README.md */ = {isa = PBXFileReference; lastKnownFileType = net.daringfireball.markdown; path = README.md; sourceTree = "<group>"; };
		595228F222B7CF6C0002EE03 /* LearnSwiftUI.app */ = {isa = PBXFileReference; explicitFileType = wrapper.application; includeInIndex = 0; path = LearnSwiftUI.app; sourceTree = BUILT_PRODUCTS_DIR; };
		595228F522B7CF6C0002EE03 /* AppDelegate.swift */ = {isa = PBXFileReference; lastKnownFileType = sourcecode.swift; path = AppDelegate.swift; sourceTree = "<group>"; };
		595228F722B7CF6C0002EE03 /* SceneDelegate.swift */ = {isa = PBXFileReference; lastKnownFileType = sourcecode.swift; path = SceneDelegate.swift; sourceTree = "<group>"; };
		595228F922B7CF6C0002EE03 /* ContentView.swift */ = {isa = PBXFileReference; lastKnownFileType = sourcecode.swift; path = ContentView.swift; sourceTree = "<group>"; };
		595228FB22B7CF710002EE03 /* Assets.xcassets */ = {isa = PBXFileReference; lastKnownFileType = folder.assetcatalog; path = Assets.xcassets; sourceTree = "<group>"; };
		595228FE22B7CF710002EE03 /* Preview Assets.xcassets */ = {isa = PBXFileReference; lastKnownFileType = folder.assetcatalog; path = "Preview Assets.xcassets"; sourceTree = "<group>"; };
		5952290122B7CF710002EE03 /* Base */ = {isa = PBXFileReference; lastKnownFileType = file.storyboard; name = Base; path = Base.lproj/LaunchScreen.storyboard; sourceTree = "<group>"; };
		5952290322B7CF710002EE03 /* Info.plist */ = {isa = PBXFileReference; lastKnownFileType = text.plist.xml; path = Info.plist; sourceTree = "<group>"; };
		5952290922B7D0230002EE03 /* SquareRow.swift */ = {isa = PBXFileReference; lastKnownFileType = sourcecode.swift; path = SquareRow.swift; sourceTree = "<group>"; };
		5952290B22B7D5C30002EE03 /* Board.swift */ = {isa = PBXFileReference; lastKnownFileType = sourcecode.swift; path = Board.swift; sourceTree = "<group>"; };
/* End PBXFileReference section */

/* Begin PBXFrameworksBuildPhase section */
		595228EF22B7CF6C0002EE03 /* Frameworks */ = {
			isa = PBXFrameworksBuildPhase;
			buildActionMask = 2147483647;
			files = (
			);
			runOnlyForDeploymentPostprocessing = 0;
		};
/* End PBXFrameworksBuildPhase section */

/* Begin PBXGroup section */
		595228E922B7CF6C0002EE03 = {
			isa = PBXGroup;
			children = (
				595228F422B7CF6C0002EE03 /* LearnSwiftUI */,
				595228F322B7CF6C0002EE03 /* Products */,
			);
			sourceTree = "<group>";
		};
		595228F322B7CF6C0002EE03 /* Products */ = {
			isa = PBXGroup;
			children = (
				595228F222B7CF6C0002EE03 /* LearnSwiftUI.app */,
			);
			name = Products;
			sourceTree = "<group>";
		};
		595228F422B7CF6C0002EE03 /* LearnSwiftUI */ = {
			isa = PBXGroup;
			children = (
				595228F522B7CF6C0002EE03 /* AppDelegate.swift */,
				595228F722B7CF6C0002EE03 /* SceneDelegate.swift */,
				595228F922B7CF6C0002EE03 /* ContentView.swift */,
				595228FB22B7CF710002EE03 /* Assets.xcassets */,
				5952290022B7CF710002EE03 /* LaunchScreen.storyboard */,
				5952290322B7CF710002EE03 /* Info.plist */,
				595228FD22B7CF710002EE03 /* Preview Content */,
				5952290922B7D0230002EE03 /* SquareRow.swift */,
				5952290B22B7D5C30002EE03 /* Board.swift */,
				59234ADF22BAA806000450D8 /* README.md */,
			);
			path = LearnSwiftUI;
			sourceTree = "<group>";
		};
		595228FD22B7CF710002EE03 /* Preview Content */ = {
			isa = PBXGroup;
			children = (
				595228FE22B7CF710002EE03 /* Preview Assets.xcassets */,
			);
			path = "Preview Content";
			sourceTree = "<group>";
		};
/* End PBXGroup section */

/* Begin PBXNativeTarget section */
		595228F122B7CF6C0002EE03 /* LearnSwiftUI */ = {
			isa = PBXNativeTarget;
			buildConfigurationList = 5952290622B7CF710002EE03 /* Build configuration list for PBXNativeTarget "LearnSwiftUI" */;
			buildPhases = (
				595228EE22B7CF6C0002EE03 /* Sources */,
				595228EF22B7CF6C0002EE03 /* Frameworks */,
				595228F022B7CF6C0002EE03 /* Resources */,
			);
			buildRules = (
			);
			dependencies = (
			);
			name = LearnSwiftUI;
			productName = LearnSwiftUI;
			productReference = 595228F222B7CF6C0002EE03 /* LearnSwiftUI.app */;
			productType = "com.apple.product-type.application";
		};
/* End PBXNativeTarget section */

/* Begin PBXProject section */
		595228EA22B7CF6C0002EE03 /* Project object */ = {
			isa = PBXProject;
			attributes = {
				LastSwiftUpdateCheck = 1100;
				LastUpgradeCheck = 1100;
				ORGANIZATIONNAME = yk;
				TargetAttributes = {
					595228F122B7CF6C0002EE03 = {
						CreatedOnToolsVersion = 11.0;
					};
				};
			};
			buildConfigurationList = 595228ED22B7CF6C0002EE03 /* Build configuration list for PBXProject "LearnSwiftUI" */;
			compatibilityVersion = "Xcode 9.3";
			developmentRegion = en;
			hasScannedForEncodings = 0;
			knownRegions = (
				en,
				Base,
			);
			mainGroup = 595228E922B7CF6C0002EE03;
			productRefGroup = 595228F322B7CF6C0002EE03 /* Products */;
			projectDirPath = "";
			projectRoot = "";
			targets = (
				595228F122B7CF6C0002EE03 /* LearnSwiftUI */,
			);
		};
/* End PBXProject section */

/* Begin PBXResourcesBuildPhase section */
		595228F022B7CF6C0002EE03 /* Resources */ = {
			isa = PBXResourcesBuildPhase;
			buildActionMask = 2147483647;
			files = (
				5952290222B7CF710002EE03 /* LaunchScreen.storyboard in Resources */,
				595228FF22B7CF710002EE03 /* Preview Assets.xcassets in Resources */,
				595228FC22B7CF710002EE03 /* Assets.xcassets in Resources */,
			);
			runOnlyForDeploymentPostprocessing = 0;
		};
/* End PBXResourcesBuildPhase section */

/* Begin PBXSourcesBuildPhase section */
		595228EE22B7CF6C0002EE03 /* Sources */ = {
			isa = PBXSourcesBuildPhase;
			buildActionMask = 2147483647;
			files = (
				595228F622B7CF6C0002EE03 /* AppDelegate.swift in Sources */,
				595228F822B7CF6C0002EE03 /* SceneDelegate.swift in Sources */,
				5952290C22B7D5C30002EE03 /* Board.swift in Sources */,
				595228FA22B7CF6C0002EE03 /* ContentView.swift in Sources */,
				5952290A22B7D0230002EE03 /* SquareRow.swift in Sources */,
			);
			runOnlyForDeploymentPostprocessing = 0;
		};
/* End PBXSourcesBuildPhase section */

/* Begin PBXVariantGroup section */
		5952290022B7CF710002EE03 /* LaunchScreen.storyboard */ = {
			isa = PBXVariantGroup;
			children = (
				5952290122B7CF710002EE03 /* Base */,
			);
			name = LaunchScreen.storyboard;
			sourceTree = "<group>";
		};
/* End PBXVariantGroup section */

/* Begin XCBuildConfiguration section */
		5952290422B7CF710002EE03 /* Debug */ = {
			isa = XCBuildConfiguration;
			buildSettings = {
				ALWAYS_SEARCH_USER_PATHS = NO;
				CLANG_ANALYZER_NONNULL = YES;
				CLANG_ANALYZER_NUMBER_OBJECT_CONVERSION = YES_AGGRESSIVE;
				CLANG_CXX_LANGUAGE_STANDARD = "gnu++14";
				CLANG_CXX_LIBRARY = "libc++";
				CLANG_ENABLE_MODULES = YES;
				CLANG_ENABLE_OBJC_ARC = YES;
				CLANG_ENABLE_OBJC_WEAK = YES;
				CLANG_WARN_BLOCK_CAPTURE_AUTORELEASING = YES;
				CLANG_WARN_BOOL_CONVERSION = YES;
				CLANG_WARN_COMMA = YES;
				CLANG_WARN_CONSTANT_CONVERSION = YES;
				CLANG_WARN_DEPRECATED_OBJC_IMPLEMENTATIONS = YES;
				CLANG_WARN_DIRECT_OBJC_ISA_USAGE = YES_ERROR;
				CLANG_WARN_DOCUMENTATION_COMMENTS = YES;
				CLANG_WARN_EMPTY_BODY = YES;
				CLANG_WARN_ENUM_CONVERSION = YES;
				CLANG_WARN_INFINITE_RECURSION = YES;
				CLANG_WARN_INT_CONVERSION = YES;
				CLANG_WARN_NON_LITERAL_NULL_CONVERSION = YES;
				CLANG_WARN_OBJC_IMPLICIT_RETAIN_SELF = YES;
				CLANG_WARN_OBJC_LITERAL_CONVERSION = YES;
				CLANG_WARN_OBJC_ROOT_CLASS = YES_ERROR;
				CLANG_WARN_RANGE_LOOP_ANALYSIS = YES;
				CLANG_WARN_STRICT_PROTOTYPES = YES;
				CLANG_WARN_SUSPICIOUS_MOVE = YES;
				CLANG_WARN_UNGUARDED_AVAILABILITY = YES_AGGRESSIVE;
				CLANG_WARN_UNREACHABLE_CODE = YES;
				CLANG_WARN__DUPLICATE_METHOD_MATCH = YES;
				COPY_PHASE_STRIP = NO;
				DEBUG_INFORMATION_FORMAT = dwarf;
				ENABLE_STRICT_OBJC_MSGSEND = YES;
				ENABLE_TESTABILITY = YES;
				GCC_C_LANGUAGE_STANDARD = gnu11;
				GCC_DYNAMIC_NO_PIC = NO;
				GCC_NO_COMMON_BLOCKS = YES;
				GCC_OPTIMIZATION_LEVEL = 0;
				GCC_PREPROCESSOR_DEFINITIONS = (
					"DEBUG=1",
					"$(inherited)",
				);
				GCC_WARN_64_TO_32_BIT_CONVERSION = YES;
				GCC_WARN_ABOUT_RETURN_TYPE = YES_ERROR;
				GCC_WARN_UNDECLARED_SELECTOR = YES;
				GCC_WARN_UNINITIALIZED_AUTOS = YES_AGGRESSIVE;
				GCC_WARN_UNUSED_FUNCTION = YES;
				GCC_WARN_UNUSED_VARIABLE = YES;
				IPHONEOS_DEPLOYMENT_TARGET = 13.0;
				MTL_ENABLE_DEBUG_INFO = INCLUDE_SOURCE;
				MTL_FAST_MATH = YES;
				ONLY_ACTIVE_ARCH = YES;
				SDKROOT = iphoneos;
				SWIFT_ACTIVE_COMPILATION_CONDITIONS = DEBUG;
				SWIFT_OPTIMIZATION_LEVEL = "-Onone";
			};
			name = Debug;
		};
		5952290522B7CF710002EE03 /* Release */ = {
			isa = XCBuildConfiguration;
			buildSettings = {
				ALWAYS_SEARCH_USER_PATHS = NO;
				CLANG_ANALYZER_NONNULL = YES;
				CLANG_ANALYZER_NUMBER_OBJECT_CONVERSION = YES_AGGRESSIVE;
				CLANG_CXX_LANGUAGE_STANDARD = "gnu++14";
				CLANG_CXX_LIBRARY = "libc++";
				CLANG_ENABLE_MODULES = YES;
				CLANG_ENABLE_OBJC_ARC = YES;
				CLANG_ENABLE_OBJC_WEAK = YES;
				CLANG_WARN_BLOCK_CAPTURE_AUTORELEASING = YES;
				CLANG_WARN_BOOL_CONVERSION = YES;
				CLANG_WARN_COMMA = YES;
				CLANG_WARN_CONSTANT_CONVERSION = YES;
				CLANG_WARN_DEPRECATED_OBJC_IMPLEMENTATIONS = YES;
				CLANG_WARN_DIRECT_OBJC_ISA_USAGE = YES_ERROR;
				CLANG_WARN_DOCUMENTATION_COMMENTS = YES;
				CLANG_WARN_EMPTY_BODY = YES;
				CLANG_WARN_ENUM_CONVERSION = YES;
				CLANG_WARN_INFINITE_RECURSION = YES;
				CLANG_WARN_INT_CONVERSION = YES;
				CLANG_WARN_NON_LITERAL_NULL_CONVERSION = YES;
				CLANG_WARN_OBJC_IMPLICIT_RETAIN_SELF = YES;
				CLANG_WARN_OBJC_LITERAL_CONVERSION = YES;
				CLANG_WARN_OBJC_ROOT_CLASS = YES_ERROR;
				CLANG_WARN_RANGE_LOOP_ANALYSIS = YES;
				CLANG_WARN_STRICT_PROTOTYPES = YES;
				CLANG_WARN_SUSPICIOUS_MOVE = YES;
				CLANG_WARN_UNGUARDED_AVAILABILITY = YES_AGGRESSIVE;
				CLANG_WARN_UNREACHABLE_CODE = YES;
				CLANG_WARN__DUPLICATE_METHOD_MATCH = YES;
				COPY_PHASE_STRIP = NO;
				DEBUG_INFORMATION_FORMAT = "dwarf-with-dsym";
				ENABLE_NS_ASSERTIONS = NO;
				ENABLE_STRICT_OBJC_MSGSEND = YES;
				GCC_C_LANGUAGE_STANDARD = gnu11;
				GCC_NO_COMMON_BLOCKS = YES;
				GCC_WARN_64_TO_32_BIT_CONVERSION = YES;
				GCC_WARN_ABOUT_RETURN_TYPE = YES_ERROR;
				GCC_WARN_UNDECLARED_SELECTOR = YES;
				GCC_WARN_UNINITIALIZED_AUTOS = YES_AGGRESSIVE;
				GCC_WARN_UNUSED_FUNCTION = YES;
				GCC_WARN_UNUSED_VARIABLE = YES;
				IPHONEOS_DEPLOYMENT_TARGET = 13.0;
				MTL_ENABLE_DEBUG_INFO = NO;
				MTL_FAST_MATH = YES;
				SDKROOT = iphoneos;
				SWIFT_COMPILATION_MODE = wholemodule;
				SWIFT_OPTIMIZATION_LEVEL = "-O";
				VALIDATE_PRODUCT = YES;
			};
			name = Release;
		};
		5952290722B7CF710002EE03 /* Debug */ = {
			isa = XCBuildConfiguration;
			buildSettings = {
				ASSETCATALOG_COMPILER_APPICON_NAME = AppIcon;
				CODE_SIGN_STYLE = Automatic;
				DEVELOPMENT_ASSET_PATHS = "LearnSwiftUI/Preview\\ Content";
				DEVELOPMENT_TEAM = QAWWZVREY3;
				ENABLE_PREVIEWS = YES;
				INFOPLIST_FILE = LearnSwiftUI/Info.plist;
				LD_RUNPATH_SEARCH_PATHS = (
					"$(inherited)",
					"@executable_path/Frameworks",
				);
				PRODUCT_BUNDLE_IDENTIFIER = com.yk.noname.swift.LearnSwiftUI;
				PRODUCT_NAME = "$(TARGET_NAME)";
				SWIFT_VERSION = 5.0;
				TARGETED_DEVICE_FAMILY = "1,2";
			};
			name = Debug;
		};
		5952290822B7CF710002EE03 /* Release */ = {
			isa = XCBuildConfiguration;
			buildSettings = {
				ASSETCATALOG_COMPILER_APPICON_NAME = AppIcon;
				CODE_SIGN_STYLE = Automatic;
				DEVELOPMENT_ASSET_PATHS = "LearnSwiftUI/Preview\\ Content";
				DEVELOPMENT_TEAM = QAWWZVREY3;
				ENABLE_PREVIEWS = YES;
				INFOPLIST_FILE = LearnSwiftUI/Info.plist;
				LD_RUNPATH_SEARCH_PATHS = (
					"$(inherited)",
					"@executable_path/Frameworks",
				);
				PRODUCT_BUNDLE_IDENTIFIER = com.yk.noname.swift.LearnSwiftUI;
				PRODUCT_NAME = "$(TARGET_NAME)";
				SWIFT_VERSION = 5.0;
				TARGETED_DEVICE_FAMILY = "1,2";
			};
			name = Release;
		};
/* End XCBuildConfiguration section */

/* Begin XCConfigurationList section */
		595228ED22B7CF6C0002EE03 /* Build configuration list for PBXProject "LearnSwiftUI" */ = {
			isa = XCConfigurationList;
			buildConfigurations = (
				5952290422B7CF710002EE03 /* Debug */,
				5952290522B7CF710002EE03 /* Release */,
			);
			defaultConfigurationIsVisible = 0;
			defaultConfigurationName = Release;
		};
		5952290622B7CF710002EE03 /* Build configuration list for PBXNativeTarget "LearnSwiftUI" */ = {
			isa = XCConfigurationList;
			buildConfigurations = (
				5952290722B7CF710002EE03 /* Debug */,
				5952290822B7CF710002EE03 /* Release */,
			);
			defaultConfigurationIsVisible = 0;
			defaultConfigurationName = Release;
		};
/* End XCConfigurationList section */
	};
	rootObject = 595228EA22B7CF6C0002EE03 /* Project object */;
}
